
Microsoft Visual Studio Solution File, Format Version 12.00
# Visual Studio Version 16
VisualStudioVersion = 16.0.30804.86
MinimumVisualStudioVersion = 10.0.40219.1
Project("{FAE04EC0-301F-11D3-BF4B-00C04F79EFBC}") = "MCISys", "MCIMasterFarm\MCISys.csproj", "{CD8DC604-DA99-412B-A5D2-D6CB927ADA9A}"
EndProject
Global
	GlobalSection(SolutionConfigurationPlatforms) = preSolution
		Debug|Any CPU = Debug|Any CPU
		Release|Any CPU = Release|Any CPU
	EndGlobalSection
	GlobalSection(ProjectConfigurationPlatforms) = postSolution
		{CD8DC604-DA99-412B-A5D2-D6CB927ADA9A}.Debug|Any CPU.ActiveCfg = Debug|Any CPU
		{CD8DC604-DA99-412B-A5D2-D6CB927ADA9A}.Debug|Any CPU.Build.0 = Debug|Any CPU
		{CD8DC604-DA99-412B-A5D2-D6CB927ADA9A}.Release|Any CPU.ActiveCfg = Release|Any CPU
		{CD8DC604-DA99-412B-A5D2-D6CB927ADA9A}.Release|Any CPU.Build.0 = Release|Any CPU
	EndGlobalSection
	GlobalSection(SolutionProperties) = preSolution
		HideSolutionNode = FALSE
	EndGlobalSection
	GlobalSection(ExtensibilityGlobals) = postSolution
		SolutionGuid = {A3DF7278-D5FD-45BE-BAFF-544E944E4551}
	EndGlobalSection
EndGlobal
